// !$*UTF8*$!
{
	archiveVersion = 1;
	classes = {
	};
	objectVersion = 46;
	objects = {

/* Begin PBXBuildFile section */
		2152FF3F1E0936B400FB60C3 /* JXMainTableViewCell.m in Sources */ = {isa = PBXBuildFile; fileRef = 2152FF3E1E0936B400FB60C3 /* JXMainTableViewCell.m */; };
		2152FF421E093F8B00FB60C3 /* JXBaseViewModel.m in Sources */ = {isa = PBXBuildFile; fileRef = 2152FF411E093F8B00FB60C3 /* JXBaseViewModel.m */; };
		2152FF4C1E0BA77D00FB60C3 /* UIApplication+ActivityViewController.m in Sources */ = {isa = PBXBuildFile; fileRef = 2152FF4B1E0BA77D00FB60C3 /* UIApplication+ActivityViewController.m */; };
		2152FF4F1E0BB91F00FB60C3 /* JXContentViewController.m in Sources */ = {isa = PBXBuildFile; fileRef = 2152FF4E1E0BB91F00FB60C3 /* JXContentViewController.m */; };
		2152FF521E0BB94300FB60C3 /* JXContentViewModel.m in Sources */ = {isa = PBXBuildFile; fileRef = 2152FF511E0BB94300FB60C3 /* JXContentViewModel.m */; };
		21CEC0A81E0177DE0032B7AF /* main.m in Sources */ = {isa = PBXBuildFile; fileRef = 21CEC0A71E0177DE0032B7AF /* main.m */; };
		21CEC0AB1E0177DE0032B7AF /* AppDelegate.m in Sources */ = {isa = PBXBuildFile; fileRef = 21CEC0AA1E0177DE0032B7AF /* AppDelegate.m */; };
		21CEC0B11E0177DE0032B7AF /* Main.storyboard in Resources */ = {isa = PBXBuildFile; fileRef = 21CEC0AF1E0177DE0032B7AF /* Main.storyboard */; };
		21CEC0B31E0177DE0032B7AF /* Assets.xcassets in Resources */ = {isa = PBXBuildFile; fileRef = 21CEC0B21E0177DE0032B7AF /* Assets.xcassets */; };
		21CEC0B61E0177DE0032B7AF /* LaunchScreen.storyboard in Resources */ = {isa = PBXBuildFile; fileRef = 21CEC0B41E0177DE0032B7AF /* LaunchScreen.storyboard */; };
		21CEC0C11E0177DF0032B7AF /* JXZhiHuDailyPaperTests.m in Sources */ = {isa = PBXBuildFile; fileRef = 21CEC0C01E0177DF0032B7AF /* JXZhiHuDailyPaperTests.m */; };
		21E523251E018AF200B67CCF /* FMDatabaseQueue+Extension.m in Sources */ = {isa = PBXBuildFile; fileRef = 21E523241E018AF200B67CCF /* FMDatabaseQueue+Extension.m */; };
		21E5232F1E02635200B67CCF /* JXViewModelNavigationImpl.m in Sources */ = {isa = PBXBuildFile; fileRef = 21E5232E1E02635200B67CCF /* JXViewModelNavigationImpl.m */; };
		21E523421E0516CB00B67CCF /* JXNetWork.m in Sources */ = {isa = PBXBuildFile; fileRef = 21E523411E0516CB00B67CCF /* JXNetWork.m */; };
		21E523451E05174A00B67CCF /* NSDictionary+ChangeNull.m in Sources */ = {isa = PBXBuildFile; fileRef = 21E523441E05174A00B67CCF /* NSDictionary+ChangeNull.m */; };
		21E5234B1E0518BC00B67CCF /* NSArray+JXSort.m in Sources */ = {isa = PBXBuildFile; fileRef = 21E5234A1E0518BC00B67CCF /* NSArray+JXSort.m */; };
		21E5234E1E0518FD00B67CCF /* NSString+md5.m in Sources */ = {isa = PBXBuildFile; fileRef = 21E5234D1E0518FD00B67CCF /* NSString+md5.m */; };
		21E523511E0519B300B67CCF /* JXCache.m in Sources */ = {isa = PBXBuildFile; fileRef = 21E523501E0519B300B67CCF /* JXCache.m */; };
		21E523791E0668F000B67CCF /* icon-error.png in Resources */ = {isa = PBXBuildFile; fileRef = 21E5236F1E0668F000B67CCF /* icon-error.png */; };
		21E5237A1E0668F000B67CCF /* icon-error@2x.png in Resources */ = {isa = PBXBuildFile; fileRef = 21E523701E0668F000B67CCF /* icon-error@2x.png */; };
		21E5237B1E0668F000B67CCF /* icon-info.png in Resources */ = {isa = PBXBuildFile; fileRef = 21E523711E0668F000B67CCF /* icon-info.png */; };
		21E5237C1E0668F000B67CCF /* icon-info@2x.png in Resources */ = {isa = PBXBuildFile; fileRef = 21E523721E0668F000B67CCF /* icon-info@2x.png */; };
		21E5237D1E0668F000B67CCF /* icon-success.png in Resources */ = {isa = PBXBuildFile; fileRef = 21E523731E0668F000B67CCF /* icon-success.png */; };
		21E5237E1E0668F000B67CCF /* icon-success@2x.png in Resources */ = {isa = PBXBuildFile; fileRef = 21E523741E0668F000B67CCF /* icon-success@2x.png */; };
		21E5237F1E0668F000B67CCF /* TWMessageBarManager.m in Sources */ = {isa = PBXBuildFile; fileRef = 21E523761E0668F000B67CCF /* TWMessageBarManager.m */; };
		21E523801E0668F000B67CCF /* LICENSE in Resources */ = {isa = PBXBuildFile; fileRef = 21E523771E0668F000B67CCF /* LICENSE */; };
		21E523811E0668F000B67CCF /* README.md in Sources */ = {isa = PBXBuildFile; fileRef = 21E523781E0668F000B67CCF /* README.md */; };
		21E523841E066E5800B67CCF /* AFTestCase.m in Sources */ = {isa = PBXBuildFile; fileRef = 21E523831E066E5800B67CCF /* AFTestCase.m */; };
		21E523861E066E9200B67CCF /* JXNetWorkTests.m in Sources */ = {isa = PBXBuildFile; fileRef = 21E523851E066E9200B67CCF /* JXNetWorkTests.m */; };
		21E523891E06913400B67CCF /* NavigationViewController.m in Sources */ = {isa = PBXBuildFile; fileRef = 21E523881E06913400B67CCF /* NavigationViewController.m */; };
		21E5238C1E06919E00B67CCF /* UIBarButtonItem+Extension.m in Sources */ = {isa = PBXBuildFile; fileRef = 21E5238B1E06919E00B67CCF /* UIBarButtonItem+Extension.m */; };
		21E5238F1E069BE100B67CCF /* UIView+Extension.m in Sources */ = {isa = PBXBuildFile; fileRef = 21E5238E1E069BE100B67CCF /* UIView+Extension.m */; };
		21E523921E06A65D00B67CCF /* JXBaseViewController.m in Sources */ = {isa = PBXBuildFile; fileRef = 21E523911E06A65D00B67CCF /* JXBaseViewController.m */; };
		21E523951E06A96C00B67CCF /* JXMainViewController.m in Sources */ = {isa = PBXBuildFile; fileRef = 21E523941E06A96C00B67CCF /* JXMainViewController.m */; };
		21E523981E06B05C00B67CCF /* JXMainViewModel.m in Sources */ = {isa = PBXBuildFile; fileRef = 21E523971E06B05C00B67CCF /* JXMainViewModel.m */; };
		21E5239E1E06DCE300B67CCF /* JXStorieModel.m in Sources */ = {isa = PBXBuildFile; fileRef = 21E5239D1E06DCE300B67CCF /* JXStorieModel.m */; };
		3C0F290019450237B86BB74C /* libPods-JXZhiHuDailyPaper.a in Frameworks */ = {isa = PBXBuildFile; fileRef = 40BCCDC36A9E15E1E678A9DF /* libPods-JXZhiHuDailyPaper.a */; };
		4EDDED6B9D82A1C93BBC9C60 /* libPods-JXZhiHuDailyPaperTests.a in Frameworks */ = {isa = PBXBuildFile; fileRef = 148601ECE2C98FE7275C5845 /* libPods-JXZhiHuDailyPaperTests.a */; };
/* End PBXBuildFile section */

/* Begin PBXContainerItemProxy section */
		21CEC0BD1E0177DF0032B7AF /* PBXContainerItemProxy */ = {
			isa = PBXContainerItemProxy;
			containerPortal = 21CEC09B1E0177DE0032B7AF /* Project object */;
			proxyType = 1;
			remoteGlobalIDString = 21CEC0A21E0177DE0032B7AF;
			remoteInfo = JXZhiHuDailyPaper;
		};
/* End PBXContainerItemProxy section */

/* Begin PBXFileReference section */
		148601ECE2C98FE7275C5845 /* libPods-JXZhiHuDailyPaperTests.a */ = {isa = PBXFileReference; explicitFileType = archive.ar; includeInIndex = 0; path = "libPods-JXZhiHuDailyPaperTests.a"; sourceTree = BUILT_PRODUCTS_DIR; };
		2152FF3D1E0936B400FB60C3 /* JXMainTableViewCell.h */ = {isa = PBXFileReference; fileEncoding = 4; lastKnownFileType = sourcecode.c.h; path = JXMainTableViewCell.h; sourceTree = "<group>"; };
		2152FF3E1E0936B400FB60C3 /* JXMainTableViewCell.m */ = {isa = PBXFileReference; fileEncoding = 4; lastKnownFileType = sourcecode.c.objc; path = JXMainTableViewCell.m; sourceTree = "<group>"; };
		2152FF401E093F8B00FB60C3 /* JXBaseViewModel.h */ = {isa = PBXFileReference; fileEncoding = 4; lastKnownFileType = sourcecode.c.h; path = JXBaseViewModel.h; sourceTree = "<group>"; };
		2152FF411E093F8B00FB60C3 /* JXBaseViewModel.m */ = {isa = PBXFileReference; fileEncoding = 4; lastKnownFileType = sourcecode.c.objc; path = JXBaseViewModel.m; sourceTree = "<group>"; };
		2152FF4A1E0BA77D00FB60C3 /* UIApplication+ActivityViewController.h */ = {isa = PBXFileReference; fileEncoding = 4; lastKnownFileType = sourcecode.c.h; path = "UIApplication+ActivityViewController.h"; sourceTree = "<group>"; };
		2152FF4B1E0BA77D00FB60C3 /* UIApplication+ActivityViewController.m */ = {isa = PBXFileReference; fileEncoding = 4; lastKnownFileType = sourcecode.c.objc; path = "UIApplication+ActivityViewController.m"; sourceTree = "<group>"; };
		2152FF4D1E0BB91F00FB60C3 /* JXContentViewController.h */ = {isa = PBXFileReference; fileEncoding = 4; lastKnownFileType = sourcecode.c.h; path = JXContentViewController.h; sourceTree = "<group>"; };
		2152FF4E1E0BB91F00FB60C3 /* JXContentViewController.m */ = {isa = PBXFileReference; fileEncoding = 4; lastKnownFileType = sourcecode.c.objc; path = JXContentViewController.m; sourceTree = "<group>"; };
		2152FF501E0BB94300FB60C3 /* JXContentViewModel.h */ = {isa = PBXFileReference; fileEncoding = 4; lastKnownFileType = sourcecode.c.h; path = JXContentViewModel.h; sourceTree = "<group>"; };
		2152FF511E0BB94300FB60C3 /* JXContentViewModel.m */ = {isa = PBXFileReference; fileEncoding = 4; lastKnownFileType = sourcecode.c.objc; path = JXContentViewModel.m; sourceTree = "<group>"; };
		21CEC0A31E0177DE0032B7AF /* JXZhiHuDailyPaper.app */ = {isa = PBXFileReference; explicitFileType = wrapper.application; includeInIndex = 0; path = JXZhiHuDailyPaper.app; sourceTree = BUILT_PRODUCTS_DIR; };
		21CEC0A71E0177DE0032B7AF /* main.m */ = {isa = PBXFileReference; lastKnownFileType = sourcecode.c.objc; path = main.m; sourceTree = "<group>"; };
		21CEC0A91E0177DE0032B7AF /* AppDelegate.h */ = {isa = PBXFileReference; lastKnownFileType = sourcecode.c.h; path = AppDelegate.h; sourceTree = "<group>"; };
		21CEC0AA1E0177DE0032B7AF /* AppDelegate.m */ = {isa = PBXFileReference; lastKnownFileType = sourcecode.c.objc; path = AppDelegate.m; sourceTree = "<group>"; };
		21CEC0B01E0177DE0032B7AF /* Base */ = {isa = PBXFileReference; lastKnownFileType = file.storyboard; name = Base; path = Base.lproj/Main.storyboard; sourceTree = "<group>"; };
		21CEC0B21E0177DE0032B7AF /* Assets.xcassets */ = {isa = PBXFileReference; lastKnownFileType = folder.assetcatalog; path = Assets.xcassets; sourceTree = "<group>"; };
		21CEC0B51E0177DE0032B7AF /* Base */ = {isa = PBXFileReference; lastKnownFileType = file.storyboard; name = Base; path = Base.lproj/LaunchScreen.storyboard; sourceTree = "<group>"; };
		21CEC0B71E0177DE0032B7AF /* Info.plist */ = {isa = PBXFileReference; lastKnownFileType = text.plist.xml; path = Info.plist; sourceTree = "<group>"; };
		21CEC0BC1E0177DF0032B7AF /* JXZhiHuDailyPaperTests.xctest */ = {isa = PBXFileReference; explicitFileType = wrapper.cfbundle; includeInIndex = 0; path = JXZhiHuDailyPaperTests.xctest; sourceTree = BUILT_PRODUCTS_DIR; };
		21CEC0C01E0177DF0032B7AF /* JXZhiHuDailyPaperTests.m */ = {isa = PBXFileReference; lastKnownFileType = sourcecode.c.objc; path = JXZhiHuDailyPaperTests.m; sourceTree = "<group>"; };
		21CEC0C21E0177DF0032B7AF /* Info.plist */ = {isa = PBXFileReference; lastKnownFileType = text.plist.xml; path = Info.plist; sourceTree = "<group>"; };
		21CEC0D01E017ED40032B7AF /* JXZhiHuDailyPaper-Prefix.pch */ = {isa = PBXFileReference; lastKnownFileType = sourcecode.c.h; path = "JXZhiHuDailyPaper-Prefix.pch"; sourceTree = "<group>"; };
		21E5231F1E01897100B67CCF /* JXConfig.h */ = {isa = PBXFileReference; fileEncoding = 4; lastKnownFileType = sourcecode.c.h; path = JXConfig.h; sourceTree = "<group>"; };
		21E523201E01897100B67CCF /* JXConstant.h */ = {isa = PBXFileReference; fileEncoding = 4; lastKnownFileType = sourcecode.c.h; path = JXConstant.h; sourceTree = "<group>"; };
		21E523231E018AF200B67CCF /* FMDatabaseQueue+Extension.h */ = {isa = PBXFileReference; fileEncoding = 4; lastKnownFileType = sourcecode.c.h; path = "FMDatabaseQueue+Extension.h"; sourceTree = "<group>"; };
		21E523241E018AF200B67CCF /* FMDatabaseQueue+Extension.m */ = {isa = PBXFileReference; fileEncoding = 4; lastKnownFileType = sourcecode.c.objc; path = "FMDatabaseQueue+Extension.m"; sourceTree = "<group>"; };
		21E5232A1E02630A00B67CCF /* JXViewModelNavigationProtocol.h */ = {isa = PBXFileReference; fileEncoding = 4; lastKnownFileType = sourcecode.c.h; path = JXViewModelNavigationProtocol.h; sourceTree = "<group>"; };
		21E5232D1E02635200B67CCF /* JXViewModelNavigationImpl.h */ = {isa = PBXFileReference; fileEncoding = 4; lastKnownFileType = sourcecode.c.h; path = JXViewModelNavigationImpl.h; sourceTree = "<group>"; };
		21E5232E1E02635200B67CCF /* JXViewModelNavigationImpl.m */ = {isa = PBXFileReference; fileEncoding = 4; lastKnownFileType = sourcecode.c.objc; path = JXViewModelNavigationImpl.m; sourceTree = "<group>"; };
		21E523401E0516CB00B67CCF /* JXNetWork.h */ = {isa = PBXFileReference; fileEncoding = 4; lastKnownFileType = sourcecode.c.h; path = JXNetWork.h; sourceTree = "<group>"; };
		21E523411E0516CB00B67CCF /* JXNetWork.m */ = {isa = PBXFileReference; fileEncoding = 4; lastKnownFileType = sourcecode.c.objc; path = JXNetWork.m; sourceTree = "<group>"; };
		21E523431E05174A00B67CCF /* NSDictionary+ChangeNull.h */ = {isa = PBXFileReference; fileEncoding = 4; lastKnownFileType = sourcecode.c.h; path = "NSDictionary+ChangeNull.h"; sourceTree = "<group>"; };
		21E523441E05174A00B67CCF /* NSDictionary+ChangeNull.m */ = {isa = PBXFileReference; fileEncoding = 4; lastKnownFileType = sourcecode.c.objc; path = "NSDictionary+ChangeNull.m"; sourceTree = "<group>"; };
		21E523491E0518BC00B67CCF /* NSArray+JXSort.h */ = {isa = PBXFileReference; fileEncoding = 4; lastKnownFileType = sourcecode.c.h; path = "NSArray+JXSort.h"; sourceTree = "<group>"; };
		21E5234A1E0518BC00B67CCF /* NSArray+JXSort.m */ = {isa = PBXFileReference; fileEncoding = 4; lastKnownFileType = sourcecode.c.objc; path = "NSArray+JXSort.m"; sourceTree = "<group>"; };
		21E5234C1E0518FD00B67CCF /* NSString+md5.h */ = {isa = PBXFileReference; fileEncoding = 4; lastKnownFileType = sourcecode.c.h; path = "NSString+md5.h"; sourceTree = "<group>"; };
		21E5234D1E0518FD00B67CCF /* NSString+md5.m */ = {isa = PBXFileReference; fileEncoding = 4; lastKnownFileType = sourcecode.c.objc; path = "NSString+md5.m"; sourceTree = "<group>"; };
		21E5234F1E0519B300B67CCF /* JXCache.h */ = {isa = PBXFileReference; fileEncoding = 4; lastKnownFileType = sourcecode.c.h; path = JXCache.h; sourceTree = "<group>"; };
		21E523501E0519B300B67CCF /* JXCache.m */ = {isa = PBXFileReference; fileEncoding = 4; lastKnownFileType = sourcecode.c.objc; path = JXCache.m; sourceTree = "<group>"; };
		21E5236F1E0668F000B67CCF /* icon-error.png */ = {isa = PBXFileReference; lastKnownFileType = image.png; path = "icon-error.png"; sourceTree = "<group>"; };
		21E523701E0668F000B67CCF /* icon-error@2x.png */ = {isa = PBXFileReference; lastKnownFileType = image.png; path = "icon-error@2x.png"; sourceTree = "<group>"; };
		21E523711E0668F000B67CCF /* icon-info.png */ = {isa = PBXFileReference; lastKnownFileType = image.png; path = "icon-info.png"; sourceTree = "<group>"; };
		21E523721E0668F000B67CCF /* icon-info@2x.png */ = {isa = PBXFileReference; lastKnownFileType = image.png; path = "icon-info@2x.png"; sourceTree = "<group>"; };
		21E523731E0668F000B67CCF /* icon-success.png */ = {isa = PBXFileReference; lastKnownFileType = image.png; path = "icon-success.png"; sourceTree = "<group>"; };
		21E523741E0668F000B67CCF /* icon-success@2x.png */ = {isa = PBXFileReference; lastKnownFileType = image.png; path = "icon-success@2x.png"; sourceTree = "<group>"; };
		21E523751E0668F000B67CCF /* TWMessageBarManager.h */ = {isa = PBXFileReference; fileEncoding = 4; lastKnownFileType = sourcecode.c.h; path = TWMessageBarManager.h; sourceTree = "<group>"; };
		21E523761E0668F000B67CCF /* TWMessageBarManager.m */ = {isa = PBXFileReference; fileEncoding = 4; lastKnownFileType = sourcecode.c.objc; path = TWMessageBarManager.m; sourceTree = "<group>"; };
		21E523771E0668F000B67CCF /* LICENSE */ = {isa = PBXFileReference; fileEncoding = 4; lastKnownFileType = text; path = LICENSE; sourceTree = "<group>"; };
		21E523781E0668F000B67CCF /* README.md */ = {isa = PBXFileReference; fileEncoding = 4; lastKnownFileType = net.daringfireball.markdown; path = README.md; sourceTree = "<group>"; };
		21E523821E066E5800B67CCF /* AFTestCase.h */ = {isa = PBXFileReference; fileEncoding = 4; lastKnownFileType = sourcecode.c.h; path = AFTestCase.h; sourceTree = "<group>"; };
		21E523831E066E5800B67CCF /* AFTestCase.m */ = {isa = PBXFileReference; fileEncoding = 4; lastKnownFileType = sourcecode.c.objc; path = AFTestCase.m; sourceTree = "<group>"; };
		21E523851E066E9200B67CCF /* JXNetWorkTests.m */ = {isa = PBXFileReference; fileEncoding = 4; lastKnownFileType = sourcecode.c.objc; path = JXNetWorkTests.m; sourceTree = "<group>"; };
		21E523871E06913400B67CCF /* NavigationViewController.h */ = {isa = PBXFileReference; fileEncoding = 4; lastKnownFileType = sourcecode.c.h; name = NavigationViewController.h; path = JXZhiHuDailyPaper/ViewModel/NavigationViewController.h; sourceTree = SOURCE_ROOT; };
		21E523881E06913400B67CCF /* NavigationViewController.m */ = {isa = PBXFileReference; fileEncoding = 4; lastKnownFileType = sourcecode.c.objc; name = NavigationViewController.m; path = JXZhiHuDailyPaper/ViewModel/NavigationViewController.m; sourceTree = SOURCE_ROOT; };
		21E5238A1E06919E00B67CCF /* UIBarButtonItem+Extension.h */ = {isa = PBXFileReference; fileEncoding = 4; lastKnownFileType = sourcecode.c.h; name = "UIBarButtonItem+Extension.h"; path = "../View/UIBarButtonItem+Extension.h"; sourceTree = "<group>"; };
		21E5238B1E06919E00B67CCF /* UIBarButtonItem+Extension.m */ = {isa = PBXFileReference; fileEncoding = 4; lastKnownFileType = sourcecode.c.objc; name = "UIBarButtonItem+Extension.m"; path = "../View/UIBarButtonItem+Extension.m"; sourceTree = "<group>"; };
		21E5238D1E069BE100B67CCF /* UIView+Extension.h */ = {isa = PBXFileReference; fileEncoding = 4; lastKnownFileType = sourcecode.c.h; path = "UIView+Extension.h"; sourceTree = "<group>"; };
		21E5238E1E069BE100B67CCF /* UIView+Extension.m */ = {isa = PBXFileReference; fileEncoding = 4; lastKnownFileType = sourcecode.c.objc; path = "UIView+Extension.m"; sourceTree = "<group>"; };
		21E523901E06A65D00B67CCF /* JXBaseViewController.h */ = {isa = PBXFileReference; fileEncoding = 4; lastKnownFileType = sourcecode.c.h; path = JXBaseViewController.h; sourceTree = "<group>"; };
		21E523911E06A65D00B67CCF /* JXBaseViewController.m */ = {isa = PBXFileReference; fileEncoding = 4; lastKnownFileType = sourcecode.c.objc; path = JXBaseViewController.m; sourceTree = "<group>"; };
		21E523931E06A96C00B67CCF /* JXMainViewController.h */ = {isa = PBXFileReference; fileEncoding = 4; lastKnownFileType = sourcecode.c.h; path = JXMainViewController.h; sourceTree = "<group>"; };
		21E523941E06A96C00B67CCF /* JXMainViewController.m */ = {isa = PBXFileReference; fileEncoding = 4; lastKnownFileType = sourcecode.c.objc; path = JXMainViewController.m; sourceTree = "<group>"; };
		21E523961E06B05C00B67CCF /* JXMainViewModel.h */ = {isa = PBXFileReference; fileEncoding = 4; lastKnownFileType = sourcecode.c.h; path = JXMainViewModel.h; sourceTree = "<group>"; };
		21E523971E06B05C00B67CCF /* JXMainViewModel.m */ = {isa = PBXFileReference; fileEncoding = 4; lastKnownFileType = sourcecode.c.objc; path = JXMainViewModel.m; sourceTree = "<group>"; };
		21E5239C1E06DCE300B67CCF /* JXStorieModel.h */ = {isa = PBXFileReference; fileEncoding = 4; lastKnownFileType = sourcecode.c.h; path = JXStorieModel.h; sourceTree = "<group>"; };
		21E5239D1E06DCE300B67CCF /* JXStorieModel.m */ = {isa = PBXFileReference; fileEncoding = 4; lastKnownFileType = sourcecode.c.objc; path = JXStorieModel.m; sourceTree = "<group>"; };
		40BCCDC36A9E15E1E678A9DF /* libPods-JXZhiHuDailyPaper.a */ = {isa = PBXFileReference; explicitFileType = archive.ar; includeInIndex = 0; path = "libPods-JXZhiHuDailyPaper.a"; sourceTree = BUILT_PRODUCTS_DIR; };
		73FEC77FD960D7A1C4C262C3 /* Pods-JXZhiHuDailyPaperTests.release.xcconfig */ = {isa = PBXFileReference; includeInIndex = 1; lastKnownFileType = text.xcconfig; name = "Pods-JXZhiHuDailyPaperTests.release.xcconfig"; path = "Pods/Target Support Files/Pods-JXZhiHuDailyPaperTests/Pods-JXZhiHuDailyPaperTests.release.xcconfig"; sourceTree = "<group>"; };
		82EF97DE7EB270369B79EA43 /* Pods-JXZhiHuDailyPaperTests.debug.xcconfig */ = {isa = PBXFileReference; includeInIndex = 1; lastKnownFileType = text.xcconfig; name = "Pods-JXZhiHuDailyPaperTests.debug.xcconfig"; path = "Pods/Target Support Files/Pods-JXZhiHuDailyPaperTests/Pods-JXZhiHuDailyPaperTests.debug.xcconfig"; sourceTree = "<group>"; };
		A67E17D84807227AED4359A3 /* Pods-JXZhiHuDailyPaper.release.xcconfig */ = {isa = PBXFileReference; includeInIndex = 1; lastKnownFileType = text.xcconfig; name = "Pods-JXZhiHuDailyPaper.release.xcconfig"; path = "Pods/Target Support Files/Pods-JXZhiHuDailyPaper/Pods-JXZhiHuDailyPaper.release.xcconfig"; sourceTree = "<group>"; };
		E9CC5AF12DC0FF188A06117A /* Pods-JXZhiHuDailyPaper.debug.xcconfig */ = {isa = PBXFileReference; includeInIndex = 1; lastKnownFileType = text.xcconfig; name = "Pods-JXZhiHuDailyPaper.debug.xcconfig"; path = "Pods/Target Support Files/Pods-JXZhiHuDailyPaper/Pods-JXZhiHuDailyPaper.debug.xcconfig"; sourceTree = "<group>"; };
/* End PBXFileReference section */

/* Begin PBXFrameworksBuildPhase section */
		21CEC0A01E0177DE0032B7AF /* Frameworks */ = {
			isa = PBXFrameworksBuildPhase;
			buildActionMask = 2147483647;
			files = (
				3C0F290019450237B86BB74C /* libPods-JXZhiHuDailyPaper.a in Frameworks */,
			);
			runOnlyForDeploymentPostprocessing = 0;
		};
		21CEC0B91E0177DF0032B7AF /* Frameworks */ = {
			isa = PBXFrameworksBuildPhase;
			buildActionMask = 2147483647;
			files = (
				4EDDED6B9D82A1C93BBC9C60 /* libPods-JXZhiHuDailyPaperTests.a in Frameworks */,
			);
			runOnlyForDeploymentPostprocessing = 0;
		};
/* End PBXFrameworksBuildPhase section */

/* Begin PBXGroup section */
		071C2E94F9098A76C7C49EC0 /* Pods */ = {
			isa = PBXGroup;
			children = (
				E9CC5AF12DC0FF188A06117A /* Pods-JXZhiHuDailyPaper.debug.xcconfig */,
				A67E17D84807227AED4359A3 /* Pods-JXZhiHuDailyPaper.release.xcconfig */,
				82EF97DE7EB270369B79EA43 /* Pods-JXZhiHuDailyPaperTests.debug.xcconfig */,
				73FEC77FD960D7A1C4C262C3 /* Pods-JXZhiHuDailyPaperTests.release.xcconfig */,
			);
			name = Pods;
			sourceTree = "<group>";
		};
		21CEC09A1E0177DE0032B7AF = {
			isa = PBXGroup;
			children = (
				21CEC0A51E0177DE0032B7AF /* JXZhiHuDailyPaper */,
				21CEC0BF1E0177DF0032B7AF /* JXZhiHuDailyPaperTests */,
				21CEC0A41E0177DE0032B7AF /* Products */,
				071C2E94F9098A76C7C49EC0 /* Pods */,
				24BC64D31CD274BDC051CE30 /* Frameworks */,
			);
			sourceTree = "<group>";
		};
		21CEC0A41E0177DE0032B7AF /* Products */ = {
			isa = PBXGroup;
			children = (
				21CEC0A31E0177DE0032B7AF /* JXZhiHuDailyPaper.app */,
				21CEC0BC1E0177DF0032B7AF /* JXZhiHuDailyPaperTests.xctest */,
			);
			name = Products;
			sourceTree = "<group>";
		};
		21CEC0A51E0177DE0032B7AF /* JXZhiHuDailyPaper */ = {
			isa = PBXGroup;
			children = (
				21CEC0A91E0177DE0032B7AF /* AppDelegate.h */,
				21CEC0AA1E0177DE0032B7AF /* AppDelegate.m */,
				21E523561E0668CE00B67CCF /* Resource */,
				21E5231E1E01897100B67CCF /* Util */,
				21E5231D1E01897100B67CCF /* Model */,
				21E523221E01897100B67CCF /* ViewModel */,
				21E523211E01897100B67CCF /* View */,
				21CEC0A61E0177DE0032B7AF /* Supporting Files */,
			);
			path = JXZhiHuDailyPaper;
			sourceTree = "<group>";
		};
		21CEC0A61E0177DE0032B7AF /* Supporting Files */ = {
			isa = PBXGroup;
			children = (
				21CEC0D01E017ED40032B7AF /* JXZhiHuDailyPaper-Prefix.pch */,
				21CEC0AF1E0177DE0032B7AF /* Main.storyboard */,
				21CEC0B21E0177DE0032B7AF /* Assets.xcassets */,
				21CEC0B41E0177DE0032B7AF /* LaunchScreen.storyboard */,
				21CEC0B71E0177DE0032B7AF /* Info.plist */,
				21CEC0A71E0177DE0032B7AF /* main.m */,
			);
			name = "Supporting Files";
			sourceTree = "<group>";
		};
		21CEC0BF1E0177DF0032B7AF /* JXZhiHuDailyPaperTests */ = {
			isa = PBXGroup;
			children = (
				21E523821E066E5800B67CCF /* AFTestCase.h */,
				21E523831E066E5800B67CCF /* AFTestCase.m */,
				21CEC0C01E0177DF0032B7AF /* JXZhiHuDailyPaperTests.m */,
				21E523851E066E9200B67CCF /* JXNetWorkTests.m */,
				21CEC0C21E0177DF0032B7AF /* Info.plist */,
			);
			path = JXZhiHuDailyPaperTests;
			sourceTree = "<group>";
		};
		21E5231D1E01897100B67CCF /* Model */ = {
			isa = PBXGroup;
			children = (
				21E5239C1E06DCE300B67CCF /* JXStorieModel.h */,
				21E5239D1E06DCE300B67CCF /* JXStorieModel.m */,
			);
			path = Model;
			sourceTree = "<group>";
		};
		21E5231E1E01897100B67CCF /* Util */ = {
			isa = PBXGroup;
			children = (
				2152FF4A1E0BA77D00FB60C3 /* UIApplication+ActivityViewController.h */,
				2152FF4B1E0BA77D00FB60C3 /* UIApplication+ActivityViewController.m */,
				21E5234C1E0518FD00B67CCF /* NSString+md5.h */,
				21E5234D1E0518FD00B67CCF /* NSString+md5.m */,
				21E5231F1E01897100B67CCF /* JXConfig.h */,
				21E523201E01897100B67CCF /* JXConstant.h */,
				21E523401E0516CB00B67CCF /* JXNetWork.h */,
				21E523411E0516CB00B67CCF /* JXNetWork.m */,
				21E5234F1E0519B300B67CCF /* JXCache.h */,
				21E523501E0519B300B67CCF /* JXCache.m */,
				21E523231E018AF200B67CCF /* FMDatabaseQueue+Extension.h */,
				21E523241E018AF200B67CCF /* FMDatabaseQueue+Extension.m */,
				21E523431E05174A00B67CCF /* NSDictionary+ChangeNull.h */,
				21E523441E05174A00B67CCF /* NSDictionary+ChangeNull.m */,
				21E523491E0518BC00B67CCF /* NSArray+JXSort.h */,
				21E5234A1E0518BC00B67CCF /* NSArray+JXSort.m */,
				21E5238A1E06919E00B67CCF /* UIBarButtonItem+Extension.h */,
				21E5238B1E06919E00B67CCF /* UIBarButtonItem+Extension.m */,
				21E523871E06913400B67CCF /* NavigationViewController.h */,
				21E523881E06913400B67CCF /* NavigationViewController.m */,
				21E5238D1E069BE100B67CCF /* UIView+Extension.h */,
				21E5238E1E069BE100B67CCF /* UIView+Extension.m */,
			);
			path = Util;
			sourceTree = "<group>";
		};
		21E523211E01897100B67CCF /* View */ = {
			isa = PBXGroup;
			children = (
				21E523931E06A96C00B67CCF /* JXMainViewController.h */,
				21E523941E06A96C00B67CCF /* JXMainViewController.m */,
				2152FF3D1E0936B400FB60C3 /* JXMainTableViewCell.h */,
				2152FF3E1E0936B400FB60C3 /* JXMainTableViewCell.m */,
				2152FF4D1E0BB91F00FB60C3 /* JXContentViewController.h */,
				2152FF4E1E0BB91F00FB60C3 /* JXContentViewController.m */,
				21E523901E06A65D00B67CCF /* JXBaseViewController.h */,
				21E523911E06A65D00B67CCF /* JXBaseViewController.m */,
			);
			path = View;
			sourceTree = "<group>";
		};
		21E523221E01897100B67CCF /* ViewModel */ = {
			isa = PBXGroup;
			children = (
				21E5232A1E02630A00B67CCF /* JXViewModelNavigationProtocol.h */,
				21E5232D1E02635200B67CCF /* JXViewModelNavigationImpl.h */,
				21E5232E1E02635200B67CCF /* JXViewModelNavigationImpl.m */,
				21E523961E06B05C00B67CCF /* JXMainViewModel.h */,
				21E523971E06B05C00B67CCF /* JXMainViewModel.m */,
				2152FF501E0BB94300FB60C3 /* JXContentViewModel.h */,
				2152FF511E0BB94300FB60C3 /* JXContentViewModel.m */,
				2152FF401E093F8B00FB60C3 /* JXBaseViewModel.h */,
				2152FF411E093F8B00FB60C3 /* JXBaseViewModel.m */,
			);
			path = ViewModel;
			sourceTree = "<group>";
		};
		21E523561E0668CE00B67CCF /* Resource */ = {
			isa = PBXGroup;
			children = (
				21E5236C1E0668F000B67CCF /* TWMessageBarManager */,
			);
			path = Resource;
			sourceTree = "<group>";
		};
		21E5236C1E0668F000B67CCF /* TWMessageBarManager */ = {
			isa = PBXGroup;
			children = (
				21E5236D1E0668F000B67CCF /* Classes */,
				21E523771E0668F000B67CCF /* LICENSE */,
				21E523781E0668F000B67CCF /* README.md */,
			);
			path = TWMessageBarManager;
			sourceTree = "<group>";
		};
		21E5236D1E0668F000B67CCF /* Classes */ = {
			isa = PBXGroup;
			children = (
				21E5236E1E0668F000B67CCF /* Icons */,
				21E523751E0668F000B67CCF /* TWMessageBarManager.h */,
				21E523761E0668F000B67CCF /* TWMessageBarManager.m */,
			);
			path = Classes;
			sourceTree = "<group>";
		};
		21E5236E1E0668F000B67CCF /* Icons */ = {
			isa = PBXGroup;
			children = (
				21E5236F1E0668F000B67CCF /* icon-error.png */,
				21E523701E0668F000B67CCF /* icon-error@2x.png */,
				21E523711E0668F000B67CCF /* icon-info.png */,
				21E523721E0668F000B67CCF /* icon-info@2x.png */,
				21E523731E0668F000B67CCF /* icon-success.png */,
				21E523741E0668F000B67CCF /* icon-success@2x.png */,
			);
			path = Icons;
			sourceTree = "<group>";
		};
		24BC64D31CD274BDC051CE30 /* Frameworks */ = {
			isa = PBXGroup;
			children = (
				40BCCDC36A9E15E1E678A9DF /* libPods-JXZhiHuDailyPaper.a */,
				148601ECE2C98FE7275C5845 /* libPods-JXZhiHuDailyPaperTests.a */,
			);
			name = Frameworks;
			sourceTree = "<group>";
		};
/* End PBXGroup section */

/* Begin PBXNativeTarget section */
		21CEC0A21E0177DE0032B7AF /* JXZhiHuDailyPaper */ = {
			isa = PBXNativeTarget;
			buildConfigurationList = 21CEC0C51E0177DF0032B7AF /* Build configuration list for PBXNativeTarget "JXZhiHuDailyPaper" */;
			buildPhases = (
				FE4C95A996D707A306CBB086 /* [CP] Check Pods Manifest.lock */,
				21CEC09F1E0177DE0032B7AF /* Sources */,
				21CEC0A01E0177DE0032B7AF /* Frameworks */,
				21CEC0A11E0177DE0032B7AF /* Resources */,
				74C94DFE360696B8B939D1DF /* [CP] Embed Pods Frameworks */,
				6F2C2A4280E80A38DD437450 /* [CP] Copy Pods Resources */,
			);
			buildRules = (
			);
			dependencies = (
			);
			name = JXZhiHuDailyPaper;
			productName = JXZhiHuDailyPaper;
			productReference = 21CEC0A31E0177DE0032B7AF /* JXZhiHuDailyPaper.app */;
			productType = "com.apple.product-type.application";
		};
		21CEC0BB1E0177DF0032B7AF /* JXZhiHuDailyPaperTests */ = {
			isa = PBXNativeTarget;
			buildConfigurationList = 21CEC0C81E0177DF0032B7AF /* Build configuration list for PBXNativeTarget "JXZhiHuDailyPaperTests" */;
			buildPhases = (
				7B401B896628DBE39B55BD55 /* [CP] Check Pods Manifest.lock */,
				21CEC0B81E0177DF0032B7AF /* Sources */,
				21CEC0B91E0177DF0032B7AF /* Frameworks */,
				21CEC0BA1E0177DF0032B7AF /* Resources */,
				E04FB5F8285E9FF85643C8A0 /* [CP] Embed Pods Frameworks */,
				340B15651C930F4C76EC748D /* [CP] Copy Pods Resources */,
			);
			buildRules = (
			);
			dependencies = (
				21CEC0BE1E0177DF0032B7AF /* PBXTargetDependency */,
			);
			name = JXZhiHuDailyPaperTests;
			productName = JXZhiHuDailyPaperTests;
			productReference = 21CEC0BC1E0177DF0032B7AF /* JXZhiHuDailyPaperTests.xctest */;
			productType = "com.apple.product-type.bundle.unit-test";
		};
/* End PBXNativeTarget section */

/* Begin PBXProject section */
		21CEC09B1E0177DE0032B7AF /* Project object */ = {
			isa = PBXProject;
			attributes = {
				CLASSPREFIX = JX;
				LastUpgradeCheck = 0810;
				ORGANIZATIONNAME = ljx;
				TargetAttributes = {
					21CEC0A21E0177DE0032B7AF = {
						CreatedOnToolsVersion = 8.1;
						DevelopmentTeam = 2W58ELT7LX;
						ProvisioningStyle = Automatic;
					};
					21CEC0BB1E0177DF0032B7AF = {
						CreatedOnToolsVersion = 8.1;
						DevelopmentTeam = 2W58ELT7LX;
						ProvisioningStyle = Automatic;
						TestTargetID = 21CEC0A21E0177DE0032B7AF;
					};
				};
			};
			buildConfigurationList = 21CEC09E1E0177DE0032B7AF /* Build configuration list for PBXProject "JXZhiHuDailyPaper" */;
			compatibilityVersion = "Xcode 3.2";
			developmentRegion = English;
			hasScannedForEncodings = 0;
			knownRegions = (
				en,
				Base,
			);
			mainGroup = 21CEC09A1E0177DE0032B7AF;
			productRefGroup = 21CEC0A41E0177DE0032B7AF /* Products */;
			projectDirPath = "";
			projectRoot = "";
			targets = (
				21CEC0A21E0177DE0032B7AF /* JXZhiHuDailyPaper */,
				21CEC0BB1E0177DF0032B7AF /* JXZhiHuDailyPaperTests */,
			);
		};
/* End PBXProject section */

/* Begin PBXResourcesBuildPhase section */
		21CEC0A11E0177DE0032B7AF /* Resources */ = {
			isa = PBXResourcesBuildPhase;
			buildActionMask = 2147483647;
			files = (
				21CEC0B61E0177DE0032B7AF /* LaunchScreen.storyboard in Resources */,
				21E5237A1E0668F000B67CCF /* icon-error@2x.png in Resources */,
				21E5237C1E0668F000B67CCF /* icon-info@2x.png in Resources */,
				21E5237B1E0668F000B67CCF /* icon-info.png in Resources */,
				21E523801E0668F000B67CCF /* LICENSE in Resources */,
				21E523791E0668F000B67CCF /* icon-error.png in Resources */,
				21CEC0B31E0177DE0032B7AF /* Assets.xcassets in Resources */,
				21CEC0B11E0177DE0032B7AF /* Main.storyboard in Resources */,
				21E5237D1E0668F000B67CCF /* icon-success.png in Resources */,
				21E5237E1E0668F000B67CCF /* icon-success@2x.png in Resources */,
			);
			runOnlyForDeploymentPostprocessing = 0;
		};
		21CEC0BA1E0177DF0032B7AF /* Resources */ = {
			isa = PBXResourcesBuildPhase;
			buildActionMask = 2147483647;
			files = (
			);
			runOnlyForDeploymentPostprocessing = 0;
		};
/* End PBXResourcesBuildPhase section */

/* Begin PBXShellScriptBuildPhase section */
		340B15651C930F4C76EC748D /* [CP] Copy Pods Resources */ = {
			isa = PBXShellScriptBuildPhase;
			buildActionMask = 2147483647;
			files = (
			);
			inputPaths = (
			);
			name = "[CP] Copy Pods Resources";
			outputPaths = (
			);
			runOnlyForDeploymentPostprocessing = 0;
			shellPath = /bin/sh;
			shellScript = "\"${SRCROOT}/Pods/Target Support Files/Pods-JXZhiHuDailyPaperTests/Pods-JXZhiHuDailyPaperTests-resources.sh\"\n";
			showEnvVarsInLog = 0;
		};
		6F2C2A4280E80A38DD437450 /* [CP] Copy Pods Resources */ = {
			isa = PBXShellScriptBuildPhase;
			buildActionMask = 2147483647;
			files = (
			);
			inputPaths = (
			);
			name = "[CP] Copy Pods Resources";
			outputPaths = (
			);
			runOnlyForDeploymentPostprocessing = 0;
			shellPath = /bin/sh;
			shellScript = "\"${SRCROOT}/Pods/Target Support Files/Pods-JXZhiHuDailyPaper/Pods-JXZhiHuDailyPaper-resources.sh\"\n";
			showEnvVarsInLog = 0;
		};
		74C94DFE360696B8B939D1DF /* [CP] Embed Pods Frameworks */ = {
			isa = PBXShellScriptBuildPhase;
			buildActionMask = 2147483647;
			files = (
			);
			inputPaths = (
			);
			name = "[CP] Embed Pods Frameworks";
			outputPaths = (
			);
			runOnlyForDeploymentPostprocessing = 0;
			shellPath = /bin/sh;
			shellScript = "\"${SRCROOT}/Pods/Target Support Files/Pods-JXZhiHuDailyPaper/Pods-JXZhiHuDailyPaper-frameworks.sh\"\n";
			showEnvVarsInLog = 0;
		};
		7B401B896628DBE39B55BD55 /* [CP] Check Pods Manifest.lock */ = {
			isa = PBXShellScriptBuildPhase;
			buildActionMask = 2147483647;
			files = (
			);
			inputPaths = (
			);
			name = "[CP] Check Pods Manifest.lock";
			outputPaths = (
			);
			runOnlyForDeploymentPostprocessing = 0;
			shellPath = /bin/sh;
			shellScript = "diff \"${PODS_ROOT}/../Podfile.lock\" \"${PODS_ROOT}/Manifest.lock\" > /dev/null\nif [ $? != 0 ] ; then\n    # print error to STDERR\n    echo \"error: The sandbox is not in sync with the Podfile.lock. Run 'pod install' or update your CocoaPods installation.\" >&2\n    exit 1\nfi\n";
			showEnvVarsInLog = 0;
		};
		E04FB5F8285E9FF85643C8A0 /* [CP] Embed Pods Frameworks */ = {
			isa = PBXShellScriptBuildPhase;
			buildActionMask = 2147483647;
			files = (
			);
			inputPaths = (
			);
			name = "[CP] Embed Pods Frameworks";
			outputPaths = (
			);
			runOnlyForDeploymentPostprocessing = 0;
			shellPath = /bin/sh;
			shellScript = "\"${SRCROOT}/Pods/Target Support Files/Pods-JXZhiHuDailyPaperTests/Pods-JXZhiHuDailyPaperTests-frameworks.sh\"\n";
			showEnvVarsInLog = 0;
		};
		FE4C95A996D707A306CBB086 /* [CP] Check Pods Manifest.lock */ = {
			isa = PBXShellScriptBuildPhase;
			buildActionMask = 2147483647;
			files = (
			);
			inputPaths = (
			);
			name = "[CP] Check Pods Manifest.lock";
			outputPaths = (
			);
			runOnlyForDeploymentPostprocessing = 0;
			shellPath = /bin/sh;
			shellScript = "diff \"${PODS_ROOT}/../Podfile.lock\" \"${PODS_ROOT}/Manifest.lock\" > /dev/null\nif [ $? != 0 ] ; then\n    # print error to STDERR\n    echo \"error: The sandbox is not in sync with the Podfile.lock. Run 'pod install' or update your CocoaPods installation.\" >&2\n    exit 1\nfi\n";
			showEnvVarsInLog = 0;
		};
/* End PBXShellScriptBuildPhase section */

/* Begin PBXSourcesBuildPhase section */
		21CEC09F1E0177DE0032B7AF /* Sources */ = {
			isa = PBXSourcesBuildPhase;
			buildActionMask = 2147483647;
			files = (
				21E5237F1E0668F000B67CCF /* TWMessageBarManager.m in Sources */,
				21E5234B1E0518BC00B67CCF /* NSArray+JXSort.m in Sources */,
				21CEC0AB1E0177DE0032B7AF /* AppDelegate.m in Sources */,
				21E523511E0519B300B67CCF /* JXCache.m in Sources */,
				21E523811E0668F000B67CCF /* README.md in Sources */,
				21E523981E06B05C00B67CCF /* JXMainViewModel.m in Sources */,
				21E5234E1E0518FD00B67CCF /* NSString+md5.m in Sources */,
				21E523251E018AF200B67CCF /* FMDatabaseQueue+Extension.m in Sources */,
				21E523951E06A96C00B67CCF /* JXMainViewController.m in Sources */,
				2152FF421E093F8B00FB60C3 /* JXBaseViewModel.m in Sources */,
				21E5232F1E02635200B67CCF /* JXViewModelNavigationImpl.m in Sources */,
				21E523891E06913400B67CCF /* NavigationViewController.m in Sources */,
				21E523921E06A65D00B67CCF /* JXBaseViewController.m in Sources */,
				2152FF521E0BB94300FB60C3 /* JXContentViewModel.m in Sources */,
				21E523451E05174A00B67CCF /* NSDictionary+ChangeNull.m in Sources */,
				2152FF4C1E0BA77D00FB60C3 /* UIApplication+ActivityViewController.m in Sources */,
				21E5238F1E069BE100B67CCF /* UIView+Extension.m in Sources */,
				21E5238C1E06919E00B67CCF /* UIBarButtonItem+Extension.m in Sources */,
				21E523421E0516CB00B67CCF /* JXNetWork.m in Sources */,
				2152FF4F1E0BB91F00FB60C3 /* JXContentViewController.m in Sources */,
				21CEC0A81E0177DE0032B7AF /* main.m in Sources */,
				2152FF3F1E0936B400FB60C3 /* JXMainTableViewCell.m in Sources */,
				21E5239E1E06DCE300B67CCF /* JXStorieModel.m in Sources */,
			);
			runOnlyForDeploymentPostprocessing = 0;
		};
		21CEC0B81E0177DF0032B7AF /* Sources */ = {
			isa = PBXSourcesBuildPhase;
			buildActionMask = 2147483647;
			files = (
				21E523841E066E5800B67CCF /* AFTestCase.m in Sources */,
				21CEC0C11E0177DF0032B7AF /* JXZhiHuDailyPaperTests.m in Sources */,
				21E523861E066E9200B67CCF /* JXNetWorkTests.m in Sources */,
			);
			runOnlyForDeploymentPostprocessing = 0;
		};
/* End PBXSourcesBuildPhase section */

/* Begin PBXTargetDependency section */
		21CEC0BE1E0177DF0032B7AF /* PBXTargetDependency */ = {
			isa = PBXTargetDependency;
			target = 21CEC0A21E0177DE0032B7AF /* JXZhiHuDailyPaper */;
			targetProxy = 21CEC0BD1E0177DF0032B7AF /* PBXContainerItemProxy */;
		};
/* End PBXTargetDependency section */

/* Begin PBXVariantGroup section */
		21CEC0AF1E0177DE0032B7AF /* Main.storyboard */ = {
			isa = PBXVariantGroup;
			children = (
				21CEC0B01E0177DE0032B7AF /* Base */,
			);
			name = Main.storyboard;
			sourceTree = "<group>";
		};
		21CEC0B41E0177DE0032B7AF /* LaunchScreen.storyboard */ = {
			isa = PBXVariantGroup;
			children = (
				21CEC0B51E0177DE0032B7AF /* Base */,
			);
			name = LaunchScreen.storyboard;
			sourceTree = "<group>";
		};
/* End PBXVariantGroup section */

/* Begin XCBuildConfiguration section */
		21CEC0C31E0177DF0032B7AF /* Debug */ = {
			isa = XCBuildConfiguration;
			buildSettings = {
				ALWAYS_SEARCH_USER_PATHS = NO;
				CLANG_ANALYZER_NONNULL = YES;
				CLANG_CXX_LANGUAGE_STANDARD = "gnu++0x";
				CLANG_CXX_LIBRARY = "libc++";
				CLANG_ENABLE_MODULES = YES;
				CLANG_ENABLE_OBJC_ARC = YES;
				CLANG_WARN_BOOL_CONVERSION = YES;
				CLANG_WARN_CONSTANT_CONVERSION = YES;
				CLANG_WARN_DIRECT_OBJC_ISA_USAGE = YES_ERROR;
				CLANG_WARN_DOCUMENTATION_COMMENTS = YES;
				CLANG_WARN_EMPTY_BODY = YES;
				CLANG_WARN_ENUM_CONVERSION = YES;
				CLANG_WARN_INFINITE_RECURSION = YES;
				CLANG_WARN_INT_CONVERSION = YES;
				CLANG_WARN_OBJC_ROOT_CLASS = YES_ERROR;
				CLANG_WARN_SUSPICIOUS_MOVES = YES;
				CLANG_WARN_UNREACHABLE_CODE = YES;
				CLANG_WARN__DUPLICATE_METHOD_MATCH = YES;
				"CODE_SIGN_IDENTITY[sdk=iphoneos*]" = "iPhone Developer";
				COPY_PHASE_STRIP = NO;
				DEBUG_INFORMATION_FORMAT = dwarf;
				ENABLE_STRICT_OBJC_MSGSEND = YES;
				ENABLE_TESTABILITY = YES;
				GCC_C_LANGUAGE_STANDARD = gnu99;
				GCC_DYNAMIC_NO_PIC = NO;
				GCC_NO_COMMON_BLOCKS = YES;
				GCC_OPTIMIZATION_LEVEL = 0;
				GCC_PREPROCESSOR_DEFINITIONS = (
					"DEBUG=1",
					"$(inherited)",
				);
				GCC_WARN_64_TO_32_BIT_CONVERSION = YES;
				GCC_WARN_ABOUT_RETURN_TYPE = YES_ERROR;
				GCC_WARN_UNDECLARED_SELECTOR = YES;
				GCC_WARN_UNINITIALIZED_AUTOS = YES_AGGRESSIVE;
				GCC_WARN_UNUSED_FUNCTION = YES;
				GCC_WARN_UNUSED_VARIABLE = YES;
				IPHONEOS_DEPLOYMENT_TARGET = 10.1;
				MTL_ENABLE_DEBUG_INFO = YES;
				ONLY_ACTIVE_ARCH = YES;
				SDKROOT = iphoneos;
			};
			name = Debug;
		};
		21CEC0C41E0177DF0032B7AF /* Release */ = {
			isa = XCBuildConfiguration;
			buildSettings = {
				ALWAYS_SEARCH_USER_PATHS = NO;
				CLANG_ANALYZER_NONNULL = YES;
				CLANG_CXX_LANGUAGE_STANDARD = "gnu++0x";
				CLANG_CXX_LIBRARY = "libc++";
				CLANG_ENABLE_MODULES = YES;
				CLANG_ENABLE_OBJC_ARC = YES;
				CLANG_WARN_BOOL_CONVERSION = YES;
				CLANG_WARN_CONSTANT_CONVERSION = YES;
				CLANG_WARN_DIRECT_OBJC_ISA_USAGE = YES_ERROR;
				CLANG_WARN_DOCUMENTATION_COMMENTS = YES;
				CLANG_WARN_EMPTY_BODY = YES;
				CLANG_WARN_ENUM_CONVERSION = YES;
				CLANG_WARN_INFINITE_RECURSION = YES;
				CLANG_WARN_INT_CONVERSION = YES;
				CLANG_WARN_OBJC_ROOT_CLASS = YES_ERROR;
				CLANG_WARN_SUSPICIOUS_MOVES = YES;
				CLANG_WARN_UNREACHABLE_CODE = YES;
				CLANG_WARN__DUPLICATE_METHOD_MATCH = YES;
				"CODE_SIGN_IDENTITY[sdk=iphoneos*]" = "iPhone Developer";
				COPY_PHASE_STRIP = NO;
				DEBUG_INFORMATION_FORMAT = "dwarf-with-dsym";
				ENABLE_NS_ASSERTIONS = NO;
				ENABLE_STRICT_OBJC_MSGSEND = YES;
				GCC_C_LANGUAGE_STANDARD = gnu99;
				GCC_NO_COMMON_BLOCKS = YES;
				GCC_WARN_64_TO_32_BIT_CONVERSION = YES;
				GCC_WARN_ABOUT_RETURN_TYPE = YES_ERROR;
				GCC_WARN_UNDECLARED_SELECTOR = YES;
				GCC_WARN_UNINITIALIZED_AUTOS = YES_AGGRESSIVE;
				GCC_WARN_UNUSED_FUNCTION = YES;
				GCC_WARN_UNUSED_VARIABLE = YES;
				IPHONEOS_DEPLOYMENT_TARGET = 10.1;
				MTL_ENABLE_DEBUG_INFO = NO;
				SDKROOT = iphoneos;
				VALIDATE_PRODUCT = YES;
			};
			name = Release;
		};
		21CEC0C61E0177DF0032B7AF /* Debug */ = {
			isa = XCBuildConfiguration;
			baseConfigurationReference = E9CC5AF12DC0FF188A06117A /* Pods-JXZhiHuDailyPaper.debug.xcconfig */;
			buildSettings = {
				ASSETCATALOG_COMPILER_APPICON_NAME = AppIcon;
				DEVELOPMENT_TEAM = 2W58ELT7LX;
				GCC_PREFIX_HEADER = "JXZhiHuDailyPaper/JXZhiHuDailyPaper-Prefix.pch";
				INFOPLIST_FILE = JXZhiHuDailyPaper/Info.plist;
				LD_RUNPATH_SEARCH_PATHS = "$(inherited) @executable_path/Frameworks";
				PRODUCT_BUNDLE_IDENTIFIER = "com.apple-swift.JXZhiHuDailyPaper";
				PRODUCT_NAME = "$(TARGET_NAME)";
			};
			name = Debug;
		};
		21CEC0C71E0177DF0032B7AF /* Release */ = {
			isa = XCBuildConfiguration;
			baseConfigurationReference = A67E17D84807227AED4359A3 /* Pods-JXZhiHuDailyPaper.release.xcconfig */;
			buildSettings = {
				ASSETCATALOG_COMPILER_APPICON_NAME = AppIcon;
				DEVELOPMENT_TEAM = 2W58ELT7LX;
				GCC_PREFIX_HEADER = "JXZhiHuDailyPaper/JXZhiHuDailyPaper-Prefix.pch";
				INFOPLIST_FILE = JXZhiHuDailyPaper/Info.plist;
				LD_RUNPATH_SEARCH_PATHS = "$(inherited) @executable_path/Frameworks";
				PRODUCT_BUNDLE_IDENTIFIER = "com.apple-swift.JXZhiHuDailyPaper";
				PRODUCT_NAME = "$(TARGET_NAME)";
			};
			name = Release;
		};
		21CEC0C91E0177DF0032B7AF /* Debug */ = {
			isa = XCBuildConfiguration;
			baseConfigurationReference = 82EF97DE7EB270369B79EA43 /* Pods-JXZhiHuDailyPaperTests.debug.xcconfig */;
			buildSettings = {
				BUNDLE_LOADER = "$(TEST_HOST)";
				DEVELOPMENT_TEAM = 2W58ELT7LX;
				INFOPLIST_FILE = JXZhiHuDailyPaperTests/Info.plist;
				LD_RUNPATH_SEARCH_PATHS = "$(inherited) @executable_path/Frameworks @loader_path/Frameworks";
				PRODUCT_BUNDLE_IDENTIFIER = "com.apple-swift.JXZhiHuDailyPaperTests";
				PRODUCT_NAME = "$(TARGET_NAME)";
				TEST_HOST = "$(BUILT_PRODUCTS_DIR)/JXZhiHuDailyPaper.app/JXZhiHuDailyPaper";
			};
			name = Debug;
		};
		21CEC0CA1E0177DF0032B7AF /* Release */ = {
			isa = XCBuildConfiguration;
			baseConfigurationReference = 73FEC77FD960D7A1C4C262C3 /* Pods-JXZhiHuDailyPaperTests.release.xcconfig */;
			buildSettings = {
				BUNDLE_LOADER = "$(TEST_HOST)";
				DEVELOPMENT_TEAM = 2W58ELT7LX;
				INFOPLIST_FILE = JXZhiHuDailyPaperTests/Info.plist;
				LD_RUNPATH_SEARCH_PATHS = "$(inherited) @executable_path/Frameworks @loader_path/Frameworks";
				PRODUCT_BUNDLE_IDENTIFIER = "com.apple-swift.JXZhiHuDailyPaperTests";
				PRODUCT_NAME = "$(TARGET_NAME)";
				TEST_HOST = "$(BUILT_PRODUCTS_DIR)/JXZhiHuDailyPaper.app/JXZhiHuDailyPaper";
			};
			name = Release;
		};
/* End XCBuildConfiguration section */

/* Begin XCConfigurationList section */
		21CEC09E1E0177DE0032B7AF /* Build configuration list for PBXProject "JXZhiHuDailyPaper" */ = {
			isa = XCConfigurationList;
			buildConfigurations = (
				21CEC0C31E0177DF0032B7AF /* Debug */,
				21CEC0C41E0177DF0032B7AF /* Release */,
			);
			defaultConfigurationIsVisible = 0;
			defaultConfigurationName = Release;
		};
		21CEC0C51E0177DF0032B7AF /* Build configuration list for PBXNativeTarget "JXZhiHuDailyPaper" */ = {
			isa = XCConfigurationList;
			buildConfigurations = (
				21CEC0C61E0177DF0032B7AF /* Debug */,
				21CEC0C71E0177DF0032B7AF /* Release */,
			);
			defaultConfigurationIsVisible = 0;
			defaultConfigurationName = Release;
		};
		21CEC0C81E0177DF0032B7AF /* Build configuration list for PBXNativeTarget "JXZhiHuDailyPaperTests" */ = {
			isa = XCConfigurationList;
			buildConfigurations = (
				21CEC0C91E0177DF0032B7AF /* Debug */,
				21CEC0CA1E0177DF0032B7AF /* Release */,
			);
			defaultConfigurationIsVisible = 0;
			defaultConfigurationName = Release;
		};
/* End XCConfigurationList section */
	};
	rootObject = 21CEC09B1E0177DE0032B7AF /* Project object */;
}
