// !$*UTF8*$!
{
	archiveVersion = 1;
	classes = {
	};
	objectVersion = 46;
	objects = {

/* Begin PBXBuildFile section */
		21CEC0A81E0177DE0032B7AF /* main.m in Sources */ = {isa = PBXBuildFile; fileRef = 21CEC0A71E0177DE0032B7AF /* main.m */; };
		21CEC0AB1E0177DE0032B7AF /* AppDelegate.m in Sources */ = {isa = PBXBuildFile; fileRef = 21CEC0AA1E0177DE0032B7AF /* AppDelegate.m */; };
		21CEC0B11E0177DE0032B7AF /* Main.storyboard in Resources */ = {isa = PBXBuildFile; fileRef = 21CEC0AF1E0177DE0032B7AF /* Main.storyboard */; };
		21CEC0B31E0177DE0032B7AF /* Assets.xcassets in Resources */ = {isa = PBXBuildFile; fileRef = 21CEC0B21E0177DE0032B7AF /* Assets.xcassets */; };
		21CEC0B61E0177DE0032B7AF /* LaunchScreen.storyboard in Resources */ = {isa = PBXBuildFile; fileRef = 21CEC0B41E0177DE0032B7AF /* LaunchScreen.storyboard */; };
		21CEC0C11E0177DF0032B7AF /* JXZhiHuDailyPaperTests.m in Sources */ = {isa = PBXBuildFile; fileRef = 21CEC0C01E0177DF0032B7AF /* JXZhiHuDailyPaperTests.m */; };
		21E523251E018AF200B67CCF /* FMDatabaseQueue+Extension.m in Sources */ = {isa = PBXBuildFile; fileRef = 21E523241E018AF200B67CCF /* FMDatabaseQueue+Extension.m */; };
		3C0F290019450237B86BB74C /* libPods-JXZhiHuDailyPaper.a in Frameworks */ = {isa = PBXBuildFile; fileRef = 40BCCDC36A9E15E1E678A9DF /* libPods-JXZhiHuDailyPaper.a */; };
/* End PBXBuildFile section */

/* Begin PBXContainerItemProxy section */
		21CEC0BD1E0177DF0032B7AF /* PBXContainerItemProxy */ = {
			isa = PBXContainerItemProxy;
			containerPortal = 21CEC09B1E0177DE0032B7AF /* Project object */;
			proxyType = 1;
			remoteGlobalIDString = 21CEC0A21E0177DE0032B7AF;
			remoteInfo = JXZhiHuDailyPaper;
		};
/* End PBXContainerItemProxy section */

/* Begin PBXFileReference section */
		21CEC0A31E0177DE0032B7AF /* JXZhiHuDailyPaper.app */ = {isa = PBXFileReference; explicitFileType = wrapper.application; includeInIndex = 0; path = JXZhiHuDailyPaper.app; sourceTree = BUILT_PRODUCTS_DIR; };
		21CEC0A71E0177DE0032B7AF /* main.m */ = {isa = PBXFileReference; lastKnownFileType = sourcecode.c.objc; path = main.m; sourceTree = "<group>"; };
		21CEC0A91E0177DE0032B7AF /* AppDelegate.h */ = {isa = PBXFileReference; lastKnownFileType = sourcecode.c.h; path = AppDelegate.h; sourceTree = "<group>"; };
		21CEC0AA1E0177DE0032B7AF /* AppDelegate.m */ = {isa = PBXFileReference; lastKnownFileType = sourcecode.c.objc; path = AppDelegate.m; sourceTree = "<group>"; };
		21CEC0B01E0177DE0032B7AF /* Base */ = {isa = PBXFileReference; lastKnownFileType = file.storyboard; name = Base; path = Base.lproj/Main.storyboard; sourceTree = "<group>"; };
		21CEC0B21E0177DE0032B7AF /* Assets.xcassets */ = {isa = PBXFileReference; lastKnownFileType = folder.assetcatalog; path = Assets.xcassets; sourceTree = "<group>"; };
		21CEC0B51E0177DE0032B7AF /* Base */ = {isa = PBXFileReference; lastKnownFileType = file.storyboard; name = Base; path = Base.lproj/LaunchScreen.storyboard; sourceTree = "<group>"; };
		21CEC0B71E0177DE0032B7AF /* Info.plist */ = {isa = PBXFileReference; lastKnownFileType = text.plist.xml; path = Info.plist; sourceTree = "<group>"; };
		21CEC0BC1E0177DF0032B7AF /* JXZhiHuDailyPaperTests.xctest */ = {isa = PBXFileReference; explicitFileType = wrapper.cfbundle; includeInIndex = 0; path = JXZhiHuDailyPaperTests.xctest; sourceTree = BUILT_PRODUCTS_DIR; };
		21CEC0C01E0177DF0032B7AF /* JXZhiHuDailyPaperTests.m */ = {isa = PBXFileReference; lastKnownFileType = sourcecode.c.objc; path = JXZhiHuDailyPaperTests.m; sourceTree = "<group>"; };
		21CEC0C21E0177DF0032B7AF /* Info.plist */ = {isa = PBXFileReference; lastKnownFileType = text.plist.xml; path = Info.plist; sourceTree = "<group>"; };
		21CEC0D01E017ED40032B7AF /* JXZhiHuDailyPaper-Prefix.pch */ = {isa = PBXFileReference; lastKnownFileType = sourcecode.c.h; path = "JXZhiHuDailyPaper-Prefix.pch"; sourceTree = "<group>"; };
		21E5231F1E01897100B67CCF /* JXConfig.h */ = {isa = PBXFileReference; fileEncoding = 4; lastKnownFileType = sourcecode.c.h; path = JXConfig.h; sourceTree = "<group>"; };
		21E523201E01897100B67CCF /* JXConstant.h */ = {isa = PBXFileReference; fileEncoding = 4; lastKnownFileType = sourcecode.c.h; path = JXConstant.h; sourceTree = "<group>"; };
		21E523231E018AF200B67CCF /* FMDatabaseQueue+Extension.h */ = {isa = PBXFileReference; fileEncoding = 4; lastKnownFileType = sourcecode.c.h; path = "FMDatabaseQueue+Extension.h"; sourceTree = "<group>"; };
		21E523241E018AF200B67CCF /* FMDatabaseQueue+Extension.m */ = {isa = PBXFileReference; fileEncoding = 4; lastKnownFileType = sourcecode.c.objc; path = "FMDatabaseQueue+Extension.m"; sourceTree = "<group>"; };
		40BCCDC36A9E15E1E678A9DF /* libPods-JXZhiHuDailyPaper.a */ = {isa = PBXFileReference; explicitFileType = archive.ar; includeInIndex = 0; path = "libPods-JXZhiHuDailyPaper.a"; sourceTree = BUILT_PRODUCTS_DIR; };
		A67E17D84807227AED4359A3 /* Pods-JXZhiHuDailyPaper.release.xcconfig */ = {isa = PBXFileReference; includeInIndex = 1; lastKnownFileType = text.xcconfig; name = "Pods-JXZhiHuDailyPaper.release.xcconfig"; path = "Pods/Target Support Files/Pods-JXZhiHuDailyPaper/Pods-JXZhiHuDailyPaper.release.xcconfig"; sourceTree = "<group>"; };
		E9CC5AF12DC0FF188A06117A /* Pods-JXZhiHuDailyPaper.debug.xcconfig */ = {isa = PBXFileReference; includeInIndex = 1; lastKnownFileType = text.xcconfig; name = "Pods-JXZhiHuDailyPaper.debug.xcconfig"; path = "Pods/Target Support Files/Pods-JXZhiHuDailyPaper/Pods-JXZhiHuDailyPaper.debug.xcconfig"; sourceTree = "<group>"; };
/* End PBXFileReference section */

/* Begin PBXFrameworksBuildPhase section */
		21CEC0A01E0177DE0032B7AF /* Frameworks */ = {
			isa = PBXFrameworksBuildPhase;
			buildActionMask = 2147483647;
			files = (
				3C0F290019450237B86BB74C /* libPods-JXZhiHuDailyPaper.a in Frameworks */,
			);
			runOnlyForDeploymentPostprocessing = 0;
		};
		21CEC0B91E0177DF0032B7AF /* Frameworks */ = {
			isa = PBXFrameworksBuildPhase;
			buildActionMask = 2147483647;
			files = (
			);
			runOnlyForDeploymentPostprocessing = 0;
		};
/* End PBXFrameworksBuildPhase section */

/* Begin PBXGroup section */
		071C2E94F9098A76C7C49EC0 /* Pods */ = {
			isa = PBXGroup;
			children = (
				E9CC5AF12DC0FF188A06117A /* Pods-JXZhiHuDailyPaper.debug.xcconfig */,
				A67E17D84807227AED4359A3 /* Pods-JXZhiHuDailyPaper.release.xcconfig */,
			);
			name = Pods;
			sourceTree = "<group>";
		};
		21CEC09A1E0177DE0032B7AF = {
			isa = PBXGroup;
			children = (
				21CEC0A51E0177DE0032B7AF /* JXZhiHuDailyPaper */,
				21CEC0BF1E0177DF0032B7AF /* JXZhiHuDailyPaperTests */,
				21CEC0A41E0177DE0032B7AF /* Products */,
				071C2E94F9098A76C7C49EC0 /* Pods */,
				24BC64D31CD274BDC051CE30 /* Frameworks */,
			);
			sourceTree = "<group>";
		};
		21CEC0A41E0177DE0032B7AF /* Products */ = {
			isa = PBXGroup;
			children = (
				21CEC0A31E0177DE0032B7AF /* JXZhiHuDailyPaper.app */,
				21CEC0BC1E0177DF0032B7AF /* JXZhiHuDailyPaperTests.xctest */,
			);
			name = Products;
			sourceTree = "<group>";
		};
		21CEC0A51E0177DE0032B7AF /* JXZhiHuDailyPaper */ = {
			isa = PBXGroup;
			children = (
				21CEC0A91E0177DE0032B7AF /* AppDelegate.h */,
				21CEC0AA1E0177DE0032B7AF /* AppDelegate.m */,
				21E5231D1E01897100B67CCF /* Model */,
				21E5231E1E01897100B67CCF /* Util */,
				21E523211E01897100B67CCF /* View */,
				21E523221E01897100B67CCF /* ViewModel */,
				21CEC0A61E0177DE0032B7AF /* Supporting Files */,
			);
			path = JXZhiHuDailyPaper;
			sourceTree = "<group>";
		};
		21CEC0A61E0177DE0032B7AF /* Supporting Files */ = {
			isa = PBXGroup;
			children = (
				21CEC0AF1E0177DE0032B7AF /* Main.storyboard */,
				21CEC0B21E0177DE0032B7AF /* Assets.xcassets */,
				21CEC0B41E0177DE0032B7AF /* LaunchScreen.storyboard */,
				21CEC0B71E0177DE0032B7AF /* Info.plist */,
				21CEC0D01E017ED40032B7AF /* JXZhiHuDailyPaper-Prefix.pch */,
				21CEC0A71E0177DE0032B7AF /* main.m */,
			);
			name = "Supporting Files";
			sourceTree = "<group>";
		};
		21CEC0BF1E0177DF0032B7AF /* JXZhiHuDailyPaperTests */ = {
			isa = PBXGroup;
			children = (
				21CEC0C01E0177DF0032B7AF /* JXZhiHuDailyPaperTests.m */,
				21CEC0C21E0177DF0032B7AF /* Info.plist */,
			);
			path = JXZhiHuDailyPaperTests;
			sourceTree = "<group>";
		};
		21E5231D1E01897100B67CCF /* Model */ = {
			isa = PBXGroup;
			children = (
			);
			path = Model;
			sourceTree = "<group>";
		};
		21E5231E1E01897100B67CCF /* Util */ = {
			isa = PBXGroup;
			children = (
				21E5231F1E01897100B67CCF /* JXConfig.h */,
				21E523201E01897100B67CCF /* JXConstant.h */,
				21E523231E018AF200B67CCF /* FMDatabaseQueue+Extension.h */,
				21E523241E018AF200B67CCF /* FMDatabaseQueue+Extension.m */,
			);
			path = Util;
			sourceTree = "<group>";
		};
		21E523211E01897100B67CCF /* View */ = {
			isa = PBXGroup;
			children = (
			);
			path = View;
			sourceTree = "<group>";
		};
		21E523221E01897100B67CCF /* ViewModel */ = {
			isa = PBXGroup;
			children = (
			);
			path = ViewModel;
			sourceTree = "<group>";
		};
		24BC64D31CD274BDC051CE30 /* Frameworks */ = {
			isa = PBXGroup;
			children = (
				40BCCDC36A9E15E1E678A9DF /* libPods-JXZhiHuDailyPaper.a */,
			);
			name = Frameworks;
			sourceTree = "<group>";
		};
/* End PBXGroup section */

/* Begin PBXNativeTarget section */
		21CEC0A21E0177DE0032B7AF /* JXZhiHuDailyPaper */ = {
			isa = PBXNativeTarget;
			buildConfigurationList = 21CEC0C51E0177DF0032B7AF /* Build configuration list for PBXNativeTarget "JXZhiHuDailyPaper" */;
			buildPhases = (
				FE4C95A996D707A306CBB086 /* [CP] Check Pods Manifest.lock */,
				21CEC09F1E0177DE0032B7AF /* Sources */,
				21CEC0A01E0177DE0032B7AF /* Frameworks */,
				21CEC0A11E0177DE0032B7AF /* Resources */,
				74C94DFE360696B8B939D1DF /* [CP] Embed Pods Frameworks */,
				6F2C2A4280E80A38DD437450 /* [CP] Copy Pods Resources */,
			);
			buildRules = (
			);
			dependencies = (
			);
			name = JXZhiHuDailyPaper;
			productName = JXZhiHuDailyPaper;
			productReference = 21CEC0A31E0177DE0032B7AF /* JXZhiHuDailyPaper.app */;
			productType = "com.apple.product-type.application";
		};
		21CEC0BB1E0177DF0032B7AF /* JXZhiHuDailyPaperTests */ = {
			isa = PBXNativeTarget;
			buildConfigurationList = 21CEC0C81E0177DF0032B7AF /* Build configuration list for PBXNativeTarget "JXZhiHuDailyPaperTests" */;
			buildPhases = (
				21CEC0B81E0177DF0032B7AF /* Sources */,
				21CEC0B91E0177DF0032B7AF /* Frameworks */,
				21CEC0BA1E0177DF0032B7AF /* Resources */,
			);
			buildRules = (
			);
			dependencies = (
				21CEC0BE1E0177DF0032B7AF /* PBXTargetDependency */,
			);
			name = JXZhiHuDailyPaperTests;
			productName = JXZhiHuDailyPaperTests;
			productReference = 21CEC0BC1E0177DF0032B7AF /* JXZhiHuDailyPaperTests.xctest */;
			productType = "com.apple.product-type.bundle.unit-test";
		};
/* End PBXNativeTarget section */

/* Begin PBXProject section */
		21CEC09B1E0177DE0032B7AF /* Project object */ = {
			isa = PBXProject;
			attributes = {
				CLASSPREFIX = JX;
				LastUpgradeCheck = 0810;
				ORGANIZATIONNAME = ljx;
				TargetAttributes = {
					21CEC0A21E0177DE0032B7AF = {
						CreatedOnToolsVersion = 8.1;
						DevelopmentTeam = 2W58ELT7LX;
						ProvisioningStyle = Automatic;
					};
					21CEC0BB1E0177DF0032B7AF = {
						CreatedOnToolsVersion = 8.1;
						DevelopmentTeam = 2W58ELT7LX;
						ProvisioningStyle = Automatic;
						TestTargetID = 21CEC0A21E0177DE0032B7AF;
					};
				};
			};
			buildConfigurationList = 21CEC09E1E0177DE0032B7AF /* Build configuration list for PBXProject "JXZhiHuDailyPaper" */;
			compatibilityVersion = "Xcode 3.2";
			developmentRegion = English;
			hasScannedForEncodings = 0;
			knownRegions = (
				en,
				Base,
			);
			mainGroup = 21CEC09A1E0177DE0032B7AF;
			productRefGroup = 21CEC0A41E0177DE0032B7AF /* Products */;
			projectDirPath = "";
			projectRoot = "";
			targets = (
				21CEC0A21E0177DE0032B7AF /* JXZhiHuDailyPaper */,
				21CEC0BB1E0177DF0032B7AF /* JXZhiHuDailyPaperTests */,
			);
		};
/* End PBXProject section */

/* Begin PBXResourcesBuildPhase section */
		21CEC0A11E0177DE0032B7AF /* Resources */ = {
			isa = PBXResourcesBuildPhase;
			buildActionMask = 2147483647;
			files = (
				21CEC0B61E0177DE0032B7AF /* LaunchScreen.storyboard in Resources */,
				21CEC0B31E0177DE0032B7AF /* Assets.xcassets in Resources */,
				21CEC0B11E0177DE0032B7AF /* Main.storyboard in Resources */,
			);
			runOnlyForDeploymentPostprocessing = 0;
		};
		21CEC0BA1E0177DF0032B7AF /* Resources */ = {
			isa = PBXResourcesBuildPhase;
			buildActionMask = 2147483647;
			files = (
			);
			runOnlyForDeploymentPostprocessing = 0;
		};
/* End PBXResourcesBuildPhase section */

/* Begin PBXShellScriptBuildPhase section */
		6F2C2A4280E80A38DD437450 /* [CP] Copy Pods Resources */ = {
			isa = PBXShellScriptBuildPhase;
			buildActionMask = 2147483647;
			files = (
			);
			inputPaths = (
			);
			name = "[CP] Copy Pods Resources";
			outputPaths = (
			);
			runOnlyForDeploymentPostprocessing = 0;
			shellPath = /bin/sh;
			shellScript = "\"${SRCROOT}/Pods/Target Support Files/Pods-JXZhiHuDailyPaper/Pods-JXZhiHuDailyPaper-resources.sh\"\n";
			showEnvVarsInLog = 0;
		};
		74C94DFE360696B8B939D1DF /* [CP] Embed Pods Frameworks */ = {
			isa = PBXShellScriptBuildPhase;
			buildActionMask = 2147483647;
			files = (
			);
			inputPaths = (
			);
			name = "[CP] Embed Pods Frameworks";
			outputPaths = (
			);
			runOnlyForDeploymentPostprocessing = 0;
			shellPath = /bin/sh;
			shellScript = "\"${SRCROOT}/Pods/Target Support Files/Pods-JXZhiHuDailyPaper/Pods-JXZhiHuDailyPaper-frameworks.sh\"\n";
			showEnvVarsInLog = 0;
		};
		FE4C95A996D707A306CBB086 /* [CP] Check Pods Manifest.lock */ = {
			isa = PBXShellScriptBuildPhase;
			buildActionMask = 2147483647;
			files = (
			);
			inputPaths = (
			);
			name = "[CP] Check Pods Manifest.lock";
			outputPaths = (
			);
			runOnlyForDeploymentPostprocessing = 0;
			shellPath = /bin/sh;
			shellScript = "diff \"${PODS_ROOT}/../Podfile.lock\" \"${PODS_ROOT}/Manifest.lock\" > /dev/null\nif [ $? != 0 ] ; then\n    # print error to STDERR\n    echo \"error: The sandbox is not in sync with the Podfile.lock. Run 'pod install' or update your CocoaPods installation.\" >&2\n    exit 1\nfi\n";
			showEnvVarsInLog = 0;
		};
/* End PBXShellScriptBuildPhase section */

/* Begin PBXSourcesBuildPhase section */
		21CEC09F1E0177DE0032B7AF /* Sources */ = {
			isa = PBXSourcesBuildPhase;
			buildActionMask = 2147483647;
			files = (
				21CEC0AB1E0177DE0032B7AF /* AppDelegate.m in Sources */,
				21E523251E018AF200B67CCF /* FMDatabaseQueue+Extension.m in Sources */,
				21CEC0A81E0177DE0032B7AF /* main.m in Sources */,
			);
			runOnlyForDeploymentPostprocessing = 0;
		};
		21CEC0B81E0177DF0032B7AF /* Sources */ = {
			isa = PBXSourcesBuildPhase;
			buildActionMask = 2147483647;
			files = (
				21CEC0C11E0177DF0032B7AF /* JXZhiHuDailyPaperTests.m in Sources */,
			);
			runOnlyForDeploymentPostprocessing = 0;
		};
/* End PBXSourcesBuildPhase section */

/* Begin PBXTargetDependency section */
		21CEC0BE1E0177DF0032B7AF /* PBXTargetDependency */ = {
			isa = PBXTargetDependency;
			target = 21CEC0A21E0177DE0032B7AF /* JXZhiHuDailyPaper */;
			targetProxy = 21CEC0BD1E0177DF0032B7AF /* PBXContainerItemProxy */;
		};
/* End PBXTargetDependency section */

/* Begin PBXVariantGroup section */
		21CEC0AF1E0177DE0032B7AF /* Main.storyboard */ = {
			isa = PBXVariantGroup;
			children = (
				21CEC0B01E0177DE0032B7AF /* Base */,
			);
			name = Main.storyboard;
			sourceTree = "<group>";
		};
		21CEC0B41E0177DE0032B7AF /* LaunchScreen.storyboard */ = {
			isa = PBXVariantGroup;
			children = (
				21CEC0B51E0177DE0032B7AF /* Base */,
			);
			name = LaunchScreen.storyboard;
			sourceTree = "<group>";
		};
/* End PBXVariantGroup section */

/* Begin XCBuildConfiguration section */
		21CEC0C31E0177DF0032B7AF /* Debug */ = {
			isa = XCBuildConfiguration;
			buildSettings = {
				ALWAYS_SEARCH_USER_PATHS = NO;
				CLANG_ANALYZER_NONNULL = YES;
				CLANG_CXX_LANGUAGE_STANDARD = "gnu++0x";
				CLANG_CXX_LIBRARY = "libc++";
				CLANG_ENABLE_MODULES = YES;
				CLANG_ENABLE_OBJC_ARC = YES;
				CLANG_WARN_BOOL_CONVERSION = YES;
				CLANG_WARN_CONSTANT_CONVERSION = YES;
				CLANG_WARN_DIRECT_OBJC_ISA_USAGE = YES_ERROR;
				CLANG_WARN_DOCUMENTATION_COMMENTS = YES;
				CLANG_WARN_EMPTY_BODY = YES;
				CLANG_WARN_ENUM_CONVERSION = YES;
				CLANG_WARN_INFINITE_RECURSION = YES;
				CLANG_WARN_INT_CONVERSION = YES;
				CLANG_WARN_OBJC_ROOT_CLASS = YES_ERROR;
				CLANG_WARN_SUSPICIOUS_MOVES = YES;
				CLANG_WARN_UNREACHABLE_CODE = YES;
				CLANG_WARN__DUPLICATE_METHOD_MATCH = YES;
				"CODE_SIGN_IDENTITY[sdk=iphoneos*]" = "iPhone Developer";
				COPY_PHASE_STRIP = NO;
				DEBUG_INFORMATION_FORMAT = dwarf;
				ENABLE_STRICT_OBJC_MSGSEND = YES;
				ENABLE_TESTABILITY = YES;
				GCC_C_LANGUAGE_STANDARD = gnu99;
				GCC_DYNAMIC_NO_PIC = NO;
				GCC_NO_COMMON_BLOCKS = YES;
				GCC_OPTIMIZATION_LEVEL = 0;
				GCC_PREPROCESSOR_DEFINITIONS = (
					"DEBUG=1",
					"$(inherited)",
				);
				GCC_WARN_64_TO_32_BIT_CONVERSION = YES;
				GCC_WARN_ABOUT_RETURN_TYPE = YES_ERROR;
				GCC_WARN_UNDECLARED_SELECTOR = YES;
				GCC_WARN_UNINITIALIZED_AUTOS = YES_AGGRESSIVE;
				GCC_WARN_UNUSED_FUNCTION = YES;
				GCC_WARN_UNUSED_VARIABLE = YES;
				IPHONEOS_DEPLOYMENT_TARGET = 10.1;
				MTL_ENABLE_DEBUG_INFO = YES;
				ONLY_ACTIVE_ARCH = YES;
				SDKROOT = iphoneos;
			};
			name = Debug;
		};
		21CEC0C41E0177DF0032B7AF /* Release */ = {
			isa = XCBuildConfiguration;
			buildSettings = {
				ALWAYS_SEARCH_USER_PATHS = NO;
				CLANG_ANALYZER_NONNULL = YES;
				CLANG_CXX_LANGUAGE_STANDARD = "gnu++0x";
				CLANG_CXX_LIBRARY = "libc++";
				CLANG_ENABLE_MODULES = YES;
				CLANG_ENABLE_OBJC_ARC = YES;
				CLANG_WARN_BOOL_CONVERSION = YES;
				CLANG_WARN_CONSTANT_CONVERSION = YES;
				CLANG_WARN_DIRECT_OBJC_ISA_USAGE = YES_ERROR;
				CLANG_WARN_DOCUMENTATION_COMMENTS = YES;
				CLANG_WARN_EMPTY_BODY = YES;
				CLANG_WARN_ENUM_CONVERSION = YES;
				CLANG_WARN_INFINITE_RECURSION = YES;
				CLANG_WARN_INT_CONVERSION = YES;
				CLANG_WARN_OBJC_ROOT_CLASS = YES_ERROR;
				CLANG_WARN_SUSPICIOUS_MOVES = YES;
				CLANG_WARN_UNREACHABLE_CODE = YES;
				CLANG_WARN__DUPLICATE_METHOD_MATCH = YES;
				"CODE_SIGN_IDENTITY[sdk=iphoneos*]" = "iPhone Developer";
				COPY_PHASE_STRIP = NO;
				DEBUG_INFORMATION_FORMAT = "dwarf-with-dsym";
				ENABLE_NS_ASSERTIONS = NO;
				ENABLE_STRICT_OBJC_MSGSEND = YES;
				GCC_C_LANGUAGE_STANDARD = gnu99;
				GCC_NO_COMMON_BLOCKS = YES;
				GCC_WARN_64_TO_32_BIT_CONVERSION = YES;
				GCC_WARN_ABOUT_RETURN_TYPE = YES_ERROR;
				GCC_WARN_UNDECLARED_SELECTOR = YES;
				GCC_WARN_UNINITIALIZED_AUTOS = YES_AGGRESSIVE;
				GCC_WARN_UNUSED_FUNCTION = YES;
				GCC_WARN_UNUSED_VARIABLE = YES;
				IPHONEOS_DEPLOYMENT_TARGET = 10.1;
				MTL_ENABLE_DEBUG_INFO = NO;
				SDKROOT = iphoneos;
				VALIDATE_PRODUCT = YES;
			};
			name = Release;
		};
		21CEC0C61E0177DF0032B7AF /* Debug */ = {
			isa = XCBuildConfiguration;
			baseConfigurationReference = E9CC5AF12DC0FF188A06117A /* Pods-JXZhiHuDailyPaper.debug.xcconfig */;
			buildSettings = {
				ASSETCATALOG_COMPILER_APPICON_NAME = AppIcon;
				DEVELOPMENT_TEAM = 2W58ELT7LX;
				GCC_PREFIX_HEADER = "JXZhiHuDailyPaper/JXZhiHuDailyPaper-Prefix.pch";
				INFOPLIST_FILE = JXZhiHuDailyPaper/Info.plist;
				LD_RUNPATH_SEARCH_PATHS = "$(inherited) @executable_path/Frameworks";
				PRODUCT_BUNDLE_IDENTIFIER = "com.apple-swift.JXZhiHuDailyPaper";
				PRODUCT_NAME = "$(TARGET_NAME)";
			};
			name = Debug;
		};
		21CEC0C71E0177DF0032B7AF /* Release */ = {
			isa = XCBuildConfiguration;
			baseConfigurationReference = A67E17D84807227AED4359A3 /* Pods-JXZhiHuDailyPaper.release.xcconfig */;
			buildSettings = {
				ASSETCATALOG_COMPILER_APPICON_NAME = AppIcon;
				DEVELOPMENT_TEAM = 2W58ELT7LX;
				GCC_PREFIX_HEADER = "JXZhiHuDailyPaper/JXZhiHuDailyPaper-Prefix.pch";
				INFOPLIST_FILE = JXZhiHuDailyPaper/Info.plist;
				LD_RUNPATH_SEARCH_PATHS = "$(inherited) @executable_path/Frameworks";
				PRODUCT_BUNDLE_IDENTIFIER = "com.apple-swift.JXZhiHuDailyPaper";
				PRODUCT_NAME = "$(TARGET_NAME)";
			};
			name = Release;
		};
		21CEC0C91E0177DF0032B7AF /* Debug */ = {
			isa = XCBuildConfiguration;
			buildSettings = {
				BUNDLE_LOADER = "$(TEST_HOST)";
				DEVELOPMENT_TEAM = 2W58ELT7LX;
				INFOPLIST_FILE = JXZhiHuDailyPaperTests/Info.plist;
				LD_RUNPATH_SEARCH_PATHS = "$(inherited) @executable_path/Frameworks @loader_path/Frameworks";
				PRODUCT_BUNDLE_IDENTIFIER = "com.apple-swift.JXZhiHuDailyPaperTests";
				PRODUCT_NAME = "$(TARGET_NAME)";
				TEST_HOST = "$(BUILT_PRODUCTS_DIR)/JXZhiHuDailyPaper.app/JXZhiHuDailyPaper";
			};
			name = Debug;
		};
		21CEC0CA1E0177DF0032B7AF /* Release */ = {
			isa = XCBuildConfiguration;
			buildSettings = {
				BUNDLE_LOADER = "$(TEST_HOST)";
				DEVELOPMENT_TEAM = 2W58ELT7LX;
				INFOPLIST_FILE = JXZhiHuDailyPaperTests/Info.plist;
				LD_RUNPATH_SEARCH_PATHS = "$(inherited) @executable_path/Frameworks @loader_path/Frameworks";
				PRODUCT_BUNDLE_IDENTIFIER = "com.apple-swift.JXZhiHuDailyPaperTests";
				PRODUCT_NAME = "$(TARGET_NAME)";
				TEST_HOST = "$(BUILT_PRODUCTS_DIR)/JXZhiHuDailyPaper.app/JXZhiHuDailyPaper";
			};
			name = Release;
		};
/* End XCBuildConfiguration section */

/* Begin XCConfigurationList section */
		21CEC09E1E0177DE0032B7AF /* Build configuration list for PBXProject "JXZhiHuDailyPaper" */ = {
			isa = XCConfigurationList;
			buildConfigurations = (
				21CEC0C31E0177DF0032B7AF /* Debug */,
				21CEC0C41E0177DF0032B7AF /* Release */,
			);
			defaultConfigurationIsVisible = 0;
			defaultConfigurationName = Release;
		};
		21CEC0C51E0177DF0032B7AF /* Build configuration list for PBXNativeTarget "JXZhiHuDailyPaper" */ = {
			isa = XCConfigurationList;
			buildConfigurations = (
				21CEC0C61E0177DF0032B7AF /* Debug */,
				21CEC0C71E0177DF0032B7AF /* Release */,
			);
			defaultConfigurationIsVisible = 0;
			defaultConfigurationName = Release;
		};
		21CEC0C81E0177DF0032B7AF /* Build configuration list for PBXNativeTarget "JXZhiHuDailyPaperTests" */ = {
			isa = XCConfigurationList;
			buildConfigurations = (
				21CEC0C91E0177DF0032B7AF /* Debug */,
				21CEC0CA1E0177DF0032B7AF /* Release */,
			);
			defaultConfigurationIsVisible = 0;
			defaultConfigurationName = Release;
		};
/* End XCConfigurationList section */
	};
	rootObject = 21CEC09B1E0177DE0032B7AF /* Project object */;
}
